
Microsoft Visual Studio Solution File, Format Version 12.00
# Visual Studio 14
VisualStudioVersion = 14.0.25123.0
MinimumVisualStudioVersion = 10.0.40219.1
Project("{FAE04EC0-301F-11D3-BF4B-00C04F79EFBC}") = "d3.js Playground", "d3.js Playground\d3.js Playground.csproj", "{DB5987F4-1E77-441F-8611-5035F9302F95}"
EndProject
Global
	GlobalSection(SolutionConfigurationPlatforms) = preSolution
		Debug|Any CPU = Debug|Any CPU
		Release|Any CPU = Release|Any CPU
	EndGlobalSection
	GlobalSection(ProjectConfigurationPlatforms) = postSolution
		{DB5987F4-1E77-441F-8611-5035F9302F95}.Debug|Any CPU.ActiveCfg = Debug|Any CPU
		{DB5987F4-1E77-441F-8611-5035F9302F95}.Debug|Any CPU.Build.0 = Debug|Any CPU
		{DB5987F4-1E77-441F-8611-5035F9302F95}.Release|Any CPU.ActiveCfg = Release|Any CPU
		{DB5987F4-1E77-441F-8611-5035F9302F95}.Release|Any CPU.Build.0 = Release|Any CPU
	EndGlobalSection
	GlobalSection(SolutionProperties) = preSolution
		HideSolutionNode = FALSE
	EndGlobalSection
EndGlobal
